{
  "version": 4,
  "terraform_version": "1.2.5",
  "serial": 6,
  "lineage": "f33e260c-4414-b2dc-4992-ec3f3dc014a7",
  "outputs": {},
  "resources": [
    {
      "mode": "managed",
      "type": "google_compute_instance",
      "name": "default",
      "provider": "provider[\"registry.terraform.io/hashicorp/google\"]",
      "instances": [
        {
          "schema_version": 6,
          "attributes": {
            "advanced_machine_features": [],
            "allow_stopping_for_update": null,
            "attached_disk": [],
            "boot_disk": [
              {
                "auto_delete": true,
                "device_name": "persistent-disk-0",
                "disk_encryption_key_raw": "",
                "disk_encryption_key_sha256": "",
                "initialize_params": [
                  {
                    "image": "https://www.googleapis.com/compute/v1/projects/debian-cloud/global/images/debian-9-stretch-v20220621",
                    "labels": {},
                    "size": 10,
                    "type": "pd-standard"
                  }
                ],
                "kms_key_self_link": "",
                "mode": "READ_WRITE",
                "source": "https://www.googleapis.com/compute/v1/projects/tohacgwjsgceakzv/zones/us-central1-a/disks/test"
              }
            ],
            "can_ip_forward": false,
            "confidential_instance_config": [],
            "cpu_platform": "Intel Broadwell",
            "current_status": "RUNNING",
            "deletion_protection": false,
            "description": "",
            "desired_status": null,
            "enable_display": false,
            "guest_accelerator": [],
            "hostname": "",
            "id": "projects/tohacgwjsgceakzv/zones/us-central1-a/instances/test",
            "instance_id": "6175916112971623126",
            "label_fingerprint": "42WmSpB8rSM=",
            "labels": {},
            "machine_type": "e2-medium",
            "metadata": {
              "ssh-keys": "farrukh:ssh-rsa AAAAB3NzaC1yc2EAAAADAQABAAABgQDYwelEWhOL5ynaXyfnIX89dm3MWzj7jwzfmn9E+ik8aGbZYGACFbWdk/zDSAr2mH/TWMQeQYvqf9JdbFg5ChhBCHGKZePwyx2Loc8vb8MURzDPrTcCp4IXo5EZgXlzRtuDcr8pOb43DJoYMv1TEcFgyKuXu+aShGl0AmUXODZ6RyT9xyQpkYhgpfenQDSWDDIFQ9Y4BFN1pepAhRnkEnlQI1Li7IW21dVlytRwLtuXZiIdfjOVikMtVdRbK/99+TH7JE8ie6qPd545ovD9DeTQ8Atcl8pkvGKk2knqb/m8xlYy8aVz7pfsno1ABuRvmDUn0p+sW+jTZ5+3FduSRVLom0+aF+P3namGYvkBAzD0SFfwobCwV9trbackUrCU13S1WyXAhUk1+zz+vLMQYePVHHCcE3iPJZDYipZiM+p8pIiDBpd7vZfBTo6aH1Bc/nThUhbO5XCq6vRa8xsC+5mARdyMKhqJDjkUGLw6ijfzGQzrwsEWQe6MeDO73xaFMzk= uskg1889@cs-665119751191-default\n"
            },
            "metadata_fingerprint": "TPRc3nwefTg=",
            "metadata_startup_script": "#!/bin/bash\nsudo apt-get install apache2 -y",
            "min_cpu_platform": "",
            "name": "test",
            "network_interface": [
              {
                "access_config": [
                  {
                    "nat_ip": "34.72.141.127",
                    "network_tier": "PREMIUM",
                    "public_ptr_domain_name": ""
                  }
                ],
                "alias_ip_range": [],
                "ipv6_access_config": [],
                "ipv6_access_type": "",
                "name": "nic0",
                "network": "https://www.googleapis.com/compute/v1/projects/tohacgwjsgceakzv/global/networks/default",
                "network_ip": "10.128.0.3",
                "nic_type": "",
                "queue_count": 0,
                "stack_type": "IPV4_ONLY",
                "subnetwork": "https://www.googleapis.com/compute/v1/projects/tohacgwjsgceakzv/regions/us-central1/subnetworks/default",
                "subnetwork_project": "tohacgwjsgceakzv"
              }
            ],
            "project": "tohacgwjsgceakzv",
            "reservation_affinity": [],
            "resource_policies": [],
            "scheduling": [
              {
                "automatic_restart": true,
                "instance_termination_action": "",
                "min_node_cpus": 0,
                "node_affinities": [],
                "on_host_maintenance": "MIGRATE",
                "preemptible": false,
                "provisioning_model": "STANDARD"
              }
            ],
            "scratch_disk": [],
            "self_link": "https://www.googleapis.com/compute/v1/projects/tohacgwjsgceakzv/zones/us-central1-a/instances/test",
            "service_account": [],
            "shielded_instance_config": [],
            "tags": [],
            "tags_fingerprint": "42WmSpB8rSM=",
            "timeouts": null,
            "zone": "us-central1-a"
          },
          "sensitive_attributes": [],
          "private": "eyJlMmJmYjczMC1lY2FhLTExZTYtOGY4OC0zNDM2M2JjN2M0YzAiOnsiY3JlYXRlIjoxMjAwMDAwMDAwMDAwLCJkZWxldGUiOjEyMDAwMDAwMDAwMDAsInVwZGF0ZSI6MTIwMDAwMDAwMDAwMH0sInNjaGVtYV92ZXJzaW9uIjoiNiJ9"
        }
      ]
    }
  ]
}
