{
  "version": 4,
  "terraform_version": "1.2.5",
  "serial": 5,
  "lineage": "22d6242a-2b05-e8c8-166d-860a7fbbe7d6",
  "outputs": {
    "config": {
      "value": [
        "wordpress",
        "tohacgwjsgceakzv:us-central1:wordpress",
        "34.171.70.226",
        "34.171.70.226",
        "https://sqladmin.googleapis.com/sql/v1beta4/projects/tohacgwjsgceakzv/instances/wordpress"
      ],
      "type": [
        "tuple",
        [
          "string",
          "string",
          "string",
          "string",
          "string"
        ]
      ]
    }
  },
  "resources": [
    {
      "mode": "managed",
      "type": "google_sql_database",
      "name": "database",
      "provider": "provider[\"registry.terraform.io/hashicorp/google\"]",
      "instances": [
        {
          "schema_version": 0,
          "attributes": {
            "charset": "utf8",
            "collation": "utf8_general_ci",
            "id": "projects/tohacgwjsgceakzv/instances/wordpress/databases/wordpress",
            "instance": "wordpress",
            "name": "wordpress",
            "project": "tohacgwjsgceakzv",
            "self_link": "https://sqladmin.googleapis.com/sql/v1beta4/projects/tohacgwjsgceakzv/instances/wordpress/databases/wordpress",
            "timeouts": null
          },
          "sensitive_attributes": [],
          "private": "eyJlMmJmYjczMC1lY2FhLTExZTYtOGY4OC0zNDM2M2JjN2M0YzAiOnsiY3JlYXRlIjoxMjAwMDAwMDAwMDAwLCJkZWxldGUiOjEyMDAwMDAwMDAwMDAsInVwZGF0ZSI6MTIwMDAwMDAwMDAwMH19",
          "dependencies": [
            "google_sql_database_instance.instance"
          ]
        }
      ]
    },
    {
      "mode": "managed",
      "type": "google_sql_database_instance",
      "name": "instance",
      "provider": "provider[\"registry.terraform.io/hashicorp/google\"]",
      "instances": [
        {
          "schema_version": 0,
          "attributes": {
            "clone": [],
            "connection_name": "tohacgwjsgceakzv:us-central1:wordpress",
            "database_version": "MYSQL_5_6",
            "deletion_protection": false,
            "encryption_key_name": null,
            "first_ip_address": "34.171.70.226",
            "id": "wordpress",
            "ip_address": [
              {
                "ip_address": "34.171.70.226",
                "time_to_retire": "",
                "type": "PRIMARY"
              }
            ],
            "master_instance_name": "",
            "name": "wordpress",
            "private_ip_address": "",
            "project": "tohacgwjsgceakzv",
            "public_ip_address": "34.171.70.226",
            "region": "us-central1",
            "replica_configuration": [],
            "restore_backup_context": [],
            "root_password": null,
            "self_link": "https://sqladmin.googleapis.com/sql/v1beta4/projects/tohacgwjsgceakzv/instances/wordpress",
            "server_ca_cert": [
              {
                "cert": "-----BEGIN CERTIFICATE-----\nMIIDfzCCAmegAwIBAgIBADANBgkqhkiG9w0BAQsFADB3MS0wKwYDVQQuEyRmNGMx\nNmRiNS0zMjRhLTQzYzItOTU5My05ZWQ2MjdmNjVhMzAxIzAhBgNVBAMTGkdvb2ds\nZSBDbG91ZCBTUUwgU2VydmVyIENBMRQwEgYDVQQKEwtHb29nbGUsIEluYzELMAkG\nA1UEBhMCVVMwHhcNMjIwNzMwMTY0NDA4WhcNMzIwNzI3MTY0NTA4WjB3MS0wKwYD\nVQQuEyRmNGMxNmRiNS0zMjRhLTQzYzItOTU5My05ZWQ2MjdmNjVhMzAxIzAhBgNV\nBAMTGkdvb2dsZSBDbG91ZCBTUUwgU2VydmVyIENBMRQwEgYDVQQKEwtHb29nbGUs\nIEluYzELMAkGA1UEBhMCVVMwggEiMA0GCSqGSIb3DQEBAQUAA4IBDwAwggEKAoIB\nAQCTe96Gx308n1n/zxRC5TP7X2cr5sSlR9RSOuvPzOME1cBPWAGTK0JtrGcMnrZL\nSidU1hmmdJS5Cwclb4bmPurPQTp2ganQiZh0doPQo8uFFWiTYKdTqDK9Zthu6MGi\n5zIU810BE1xxJyVhMWaZAE4+uSoJDqFqyJpTemObEkU0IqtQ2rgMK9IekszTPqs8\nVnrbL3hoXsthWqJLflHU96diPbt60iUINFOWIzTEJz1IYUPLlIBTvJZ4k7n4VEPq\nUVWK/XZRZsHMmF9GBO6zGGi6kip/BnuSBto/bDbaGO2EatxtpLeByP8bHdJlaFPe\nz0FthWtzGIZY5MwVfk/eGYBdAgMBAAGjFjAUMBIGA1UdEwEB/wQIMAYBAf8CAQAw\nDQYJKoZIhvcNAQELBQADggEBAGi9EqeAfosqIZKQa4P9H50cVMvuyrAzprvpf6UK\nUpWTjBbM9I3HvFMnTNTAWFkQOOBjsgz7HTSykMjNpwJUSpRxPnCtA2aRlxU+Sxh/\n20aH//DikGQGhxOjUcBJwvvUF/vOeH5QcjH3Mu3/vkO+ar0mVgvNn7NkLeMhxFPu\nwdls3C2frqYY08L2dohqd0f6yTxbd2qKRlK+9YAWWhbHPoBzsNV0fnKPW53h/URH\ngtRRa3opqq+pFgjWjQj5Ir+ypbVqHxHmBwdiyY29DhkJrywaZDY/80M9y4ucAhbB\nzpda8XS65NoJB9JDiksdWa1aiBHsfXx/BxI3XPNPprCNsfg=\n-----END CERTIFICATE-----",
                "common_name": "C=US,O=Google\\, Inc,CN=Google Cloud SQL Server CA,dnQualifier=f4c16db5-324a-43c2-9593-9ed627f65a30",
                "create_time": "2022-07-30T16:44:08.448Z",
                "expiration_time": "2032-07-27T16:45:08.448Z",
                "sha1_fingerprint": "91b39288c9ca37238846a6f43af8d5af458831ae"
              }
            ],
            "service_account_email_address": "p921744459249-smx1xj@gcp-sa-cloud-sql.iam.gserviceaccount.com",
            "settings": [
              {
                "activation_policy": "ALWAYS",
                "active_directory_config": [],
                "availability_type": "ZONAL",
                "backup_configuration": [
                  {
                    "backup_retention_settings": [
                      {
                        "retained_backups": 7,
                        "retention_unit": "COUNT"
                      }
                    ],
                    "binary_log_enabled": false,
                    "enabled": false,
                    "location": "",
                    "point_in_time_recovery_enabled": false,
                    "start_time": "01:00",
                    "transaction_log_retention_days": 7
                  }
                ],
                "collation": "",
                "database_flags": [],
                "disk_autoresize": true,
                "disk_autoresize_limit": 0,
                "disk_size": 10,
                "disk_type": "PD_SSD",
                "insights_config": [],
                "ip_configuration": [
                  {
                    "allocated_ip_range": "",
                    "authorized_networks": [],
                    "ipv4_enabled": true,
                    "private_network": "",
                    "require_ssl": false
                  }
                ],
                "location_preference": [
                  {
                    "follow_gae_application": "",
                    "secondary_zone": "",
                    "zone": "us-central1-b"
                  }
                ],
                "maintenance_window": [],
                "pricing_plan": "PER_USE",
                "sql_server_audit_config": [],
                "tier": "db-f1-micro",
                "user_labels": {},
                "version": 1
              }
            ],
            "timeouts": null
          },
          "sensitive_attributes": [],
          "private": "eyJlMmJmYjczMC1lY2FhLTExZTYtOGY4OC0zNDM2M2JjN2M0YzAiOnsiY3JlYXRlIjoxODAwMDAwMDAwMDAwLCJkZWxldGUiOjE4MDAwMDAwMDAwMDAsInVwZGF0ZSI6MTgwMDAwMDAwMDAwMH19"
        }
      ]
    },
    {
      "mode": "managed",
      "type": "google_sql_user",
      "name": "users",
      "provider": "provider[\"registry.terraform.io/hashicorp/google\"]",
      "instances": [
        {
          "schema_version": 1,
          "attributes": {
            "deletion_policy": null,
            "host": "me.com",
            "id": "me/me.com/wordpress",
            "instance": "wordpress",
            "name": "me",
            "password": "changeme",
            "project": "tohacgwjsgceakzv",
            "sql_server_user_details": [],
            "timeouts": null,
            "type": ""
          },
          "sensitive_attributes": [],
          "private": "eyJlMmJmYjczMC1lY2FhLTExZTYtOGY4OC0zNDM2M2JjN2M0YzAiOnsiY3JlYXRlIjo2MDAwMDAwMDAwMDAsImRlbGV0ZSI6NjAwMDAwMDAwMDAwLCJ1cGRhdGUiOjYwMDAwMDAwMDAwMH0sInNjaGVtYV92ZXJzaW9uIjoiMSJ9",
          "dependencies": [
            "google_sql_database_instance.instance"
          ]
        }
      ]
    }
  ]
}
